// !$*UTF8*$!
{
	archiveVersion = 1;
	classes = {
	};
	objectVersion = 55;
	objects = {

/* Begin PBXBuildFile section */
		1714CBA028AE8C590089D1B5 /* PlayerModel.swift in Sources */ = {isa = PBXBuildFile; fileRef = 1714CB9F28AE8C590089D1B5 /* PlayerModel.swift */; };
		1714CBA228AE92C30089D1B5 /* PlayerRepository.swift in Sources */ = {isa = PBXBuildFile; fileRef = 1714CBA128AE92C30089D1B5 /* PlayerRepository.swift */; };
		1714CBA628AE932D0089D1B5 /* CustomButtonStyle.swift in Sources */ = {isa = PBXBuildFile; fileRef = 1714CBA528AE932D0089D1B5 /* CustomButtonStyle.swift */; };
		1714CBA828AEB11C0089D1B5 /* RubikMarkerHatch-Regular.ttf in Resources */ = {isa = PBXBuildFile; fileRef = 1714CBA728AEB0DD0089D1B5 /* RubikMarkerHatch-Regular.ttf */; };
		179A103328D210A0009FB6E8 /* CreditsView.swift in Sources */ = {isa = PBXBuildFile; fileRef = 179A103228D210A0009FB6E8 /* CreditsView.swift */; };
		179A103828D2EADF009FB6E8 /* NavigationBond.swift in Sources */ = {isa = PBXBuildFile; fileRef = 179A103728D2EADF009FB6E8 /* NavigationBond.swift */; };
		17D5D47C28B5138D004DC247 /* NicknameView.swift in Sources */ = {isa = PBXBuildFile; fileRef = 17D5D47B28B5138D004DC247 /* NicknameView.swift */; };
		17D5D4DF28B8F3A1004DC247 /* DrawingPredictor.swift in Sources */ = {isa = PBXBuildFile; fileRef = 17D5D4DE28B8F3A1004DC247 /* DrawingPredictor.swift */; };
		17D5D4E528B8F72C004DC247 /* DrawLandscapeView.swift in Sources */ = {isa = PBXBuildFile; fileRef = BD5037ED28AE6D57000CD18E /* DrawLandscapeView.swift */; };
		17D5D4E628B8F738004DC247 /* DrawingModel.swift in Sources */ = {isa = PBXBuildFile; fileRef = 17D5D4E328B8F633004DC247 /* DrawingModel.swift */; };
		17D5D4FA28C0E217004DC247 /* MatchModel.swift in Sources */ = {isa = PBXBuildFile; fileRef = 17D5D4F928C0E217004DC247 /* MatchModel.swift */; };
		17D5D4FC28C0E224004DC247 /* RoundModel.swift in Sources */ = {isa = PBXBuildFile; fileRef = 17D5D4FB28C0E224004DC247 /* RoundModel.swift */; };
		17D5D4FE28C0E435004DC247 /* GameConnectionService.swift in Sources */ = {isa = PBXBuildFile; fileRef = 17D5D4FD28C0E435004DC247 /* GameConnectionService.swift */; };
		17D5D50028C0F9DB004DC247 /* HomeView.swift in Sources */ = {isa = PBXBuildFile; fileRef = 17D5D4FF28C0F9DB004DC247 /* HomeView.swift */; };
		17D5D50628C1E1F4004DC247 /* GuestWaitingView.swift in Sources */ = {isa = PBXBuildFile; fileRef = 17D5D50528C1E1F4004DC247 /* GuestWaitingView.swift */; };
		17D5D50A28C20BD5004DC247 /* DrawingClassifierModel.mlmodel in Sources */ = {isa = PBXBuildFile; fileRef = 17D5D50928C20BD5004DC247 /* DrawingClassifierModel.mlmodel */; };
		17D84C0A28D195830055199F /* HomeViewSolo.swift in Sources */ = {isa = PBXBuildFile; fileRef = 17D84C0928D195830055199F /* HomeViewSolo.swift */; };
		17D84C0C28D1AD3D0055199F /* LaunchScreen.storyboard in Resources */ = {isa = PBXBuildFile; fileRef = 17D84C0B28D1AD3C0055199F /* LaunchScreen.storyboard */; };
		17D84C0E28D1C1F80055199F /* ContentView.swift in Sources */ = {isa = PBXBuildFile; fileRef = 17D84C0D28D1C1F80055199F /* ContentView.swift */; };
		17D84C1028D1DA800055199F /* fantasia.mp3 in Resources */ = {isa = PBXBuildFile; fileRef = 17D84C0528D1889A0055199F /* fantasia.mp3 */; };
		17F3A44328ABC270002E9047 /* ProjectPompeiiApp.swift in Sources */ = {isa = PBXBuildFile; fileRef = 17F3A44228ABC270002E9047 /* ProjectPompeiiApp.swift */; };
		17F3A44728ABC271002E9047 /* Assets.xcassets in Resources */ = {isa = PBXBuildFile; fileRef = 17F3A44628ABC271002E9047 /* Assets.xcassets */; };
		17F3A44A28ABC271002E9047 /* Preview Assets.xcassets in Resources */ = {isa = PBXBuildFile; fileRef = 17F3A44928ABC271002E9047 /* Preview Assets.xcassets */; };
		17F3A44C28ABC271002E9047 /* Persistence.swift in Sources */ = {isa = PBXBuildFile; fileRef = 17F3A44B28ABC271002E9047 /* Persistence.swift */; };
		17F3A44F28ABC271002E9047 /* ProjectPompeii.xcdatamodeld in Sources */ = {isa = PBXBuildFile; fileRef = 17F3A44D28ABC271002E9047 /* ProjectPompeii.xcdatamodeld */; };
		17F3A45628ABC28A002E9047 /* .gitignore in Resources */ = {isa = PBXBuildFile; fileRef = 17F3A45528ABC28A002E9047 /* .gitignore */; };
		BD443B5128AD1A4A00495FDE /* DrawView.swift in Sources */ = {isa = PBXBuildFile; fileRef = BD443B5028AD1A4A00495FDE /* DrawView.swift */; };
		BD443B5328AD1EE000495FDE /* LineModel.swift in Sources */ = {isa = PBXBuildFile; fileRef = BD443B5228AD1EE000495FDE /* LineModel.swift */; };
		BD8B57FA28CB73ED00339F7B /* Rubik-SemiBold.ttf in Resources */ = {isa = PBXBuildFile; fileRef = BD8B57F928CB73EC00339F7B /* Rubik-SemiBold.ttf */; };
		BD8B57FC28CB73F900339F7B /* Rubik-Bold.ttf in Resources */ = {isa = PBXBuildFile; fileRef = BD8B57FB28CB73F900339F7B /* Rubik-Bold.ttf */; };
		BD8B57FE28CB74CE00339F7B /* Rubik-Black.ttf in Resources */ = {isa = PBXBuildFile; fileRef = BD8B57FD28CB74CE00339F7B /* Rubik-Black.ttf */; };
		BD8B580028CB843800339F7B /* CustomAlertView.swift in Sources */ = {isa = PBXBuildFile; fileRef = BD8B57FF28CB843800339F7B /* CustomAlertView.swift */; };
		BD8B580228CB8F1A00339F7B /* AlertModel.swift in Sources */ = {isa = PBXBuildFile; fileRef = BD8B580128CB8F1A00339F7B /* AlertModel.swift */; };
		BD95572D28B893EF00DFE639 /* PercentualModel.swift in Sources */ = {isa = PBXBuildFile; fileRef = BD95572C28B893EF00DFE639 /* PercentualModel.swift */; };
		BDC46CF428C0E02500439743 /* QRCodeView.swift in Sources */ = {isa = PBXBuildFile; fileRef = BDC46CF328C0E02500439743 /* QRCodeView.swift */; };
		BDC46CF728C0EA5100439743 /* CodeScanner in Frameworks */ = {isa = PBXBuildFile; productRef = BDC46CF628C0EA5100439743 /* CodeScanner */; };
		BDC46CF928C0EBAC00439743 /* QRCodeScannerView.swift in Sources */ = {isa = PBXBuildFile; fileRef = BDC46CF828C0EBAC00439743 /* QRCodeScannerView.swift */; };
		BDDD882328B7B7F7005133A7 /* FeedbackModel.swift in Sources */ = {isa = PBXBuildFile; fileRef = BDDD882228B7B7F7005133A7 /* FeedbackModel.swift */; };
		BDDD882528B7F3D4005133A7 /* CleoView.swift in Sources */ = {isa = PBXBuildFile; fileRef = BDDD882428B7F3D4005133A7 /* CleoView.swift */; };
/* End PBXBuildFile section */

/* Begin PBXFileReference section */
		1714CB9F28AE8C590089D1B5 /* PlayerModel.swift */ = {isa = PBXFileReference; lastKnownFileType = sourcecode.swift; path = PlayerModel.swift; sourceTree = "<group>"; };
		1714CBA128AE92C30089D1B5 /* PlayerRepository.swift */ = {isa = PBXFileReference; lastKnownFileType = sourcecode.swift; path = PlayerRepository.swift; sourceTree = "<group>"; };
		1714CBA528AE932D0089D1B5 /* CustomButtonStyle.swift */ = {isa = PBXFileReference; lastKnownFileType = sourcecode.swift; path = CustomButtonStyle.swift; sourceTree = "<group>"; };
		1714CBA728AEB0DD0089D1B5 /* RubikMarkerHatch-Regular.ttf */ = {isa = PBXFileReference; lastKnownFileType = file; path = "RubikMarkerHatch-Regular.ttf"; sourceTree = "<group>"; };
		179A103228D210A0009FB6E8 /* CreditsView.swift */ = {isa = PBXFileReference; lastKnownFileType = sourcecode.swift; path = CreditsView.swift; sourceTree = "<group>"; };
		179A103428D2172C009FB6E8 /* Rubik-Regular.ttf */ = {isa = PBXFileReference; lastKnownFileType = file; path = "Rubik-Regular.ttf"; sourceTree = "<group>"; };
		179A103728D2EADF009FB6E8 /* NavigationBond.swift */ = {isa = PBXFileReference; lastKnownFileType = sourcecode.swift; path = NavigationBond.swift; sourceTree = "<group>"; };
		17D5D47B28B5138D004DC247 /* NicknameView.swift */ = {isa = PBXFileReference; lastKnownFileType = sourcecode.swift; path = NicknameView.swift; sourceTree = "<group>"; };
		17D5D4DE28B8F3A1004DC247 /* DrawingPredictor.swift */ = {isa = PBXFileReference; fileEncoding = 4; lastKnownFileType = sourcecode.swift; path = DrawingPredictor.swift; sourceTree = "<group>"; };
		17D5D4E328B8F633004DC247 /* DrawingModel.swift */ = {isa = PBXFileReference; lastKnownFileType = sourcecode.swift; path = DrawingModel.swift; sourceTree = "<group>"; };
		17D5D4F928C0E217004DC247 /* MatchModel.swift */ = {isa = PBXFileReference; lastKnownFileType = sourcecode.swift; path = MatchModel.swift; sourceTree = "<group>"; };
		17D5D4FB28C0E224004DC247 /* RoundModel.swift */ = {isa = PBXFileReference; lastKnownFileType = sourcecode.swift; path = RoundModel.swift; sourceTree = "<group>"; };
		17D5D4FD28C0E435004DC247 /* GameConnectionService.swift */ = {isa = PBXFileReference; lastKnownFileType = sourcecode.swift; path = GameConnectionService.swift; sourceTree = "<group>"; };
		17D5D4FF28C0F9DB004DC247 /* HomeView.swift */ = {isa = PBXFileReference; lastKnownFileType = sourcecode.swift; path = HomeView.swift; sourceTree = "<group>"; };
		17D5D50528C1E1F4004DC247 /* GuestWaitingView.swift */ = {isa = PBXFileReference; lastKnownFileType = sourcecode.swift; path = GuestWaitingView.swift; sourceTree = "<group>"; };
		17D5D50928C20BD5004DC247 /* DrawingClassifierModel.mlmodel */ = {isa = PBXFileReference; lastKnownFileType = file.mlmodel; path = DrawingClassifierModel.mlmodel; sourceTree = "<group>"; };
		17D84C0528D1889A0055199F /* fantasia.mp3 */ = {isa = PBXFileReference; lastKnownFileType = audio.mp3; path = fantasia.mp3; sourceTree = "<group>"; };
		17D84C0928D195830055199F /* HomeViewSolo.swift */ = {isa = PBXFileReference; lastKnownFileType = sourcecode.swift; path = HomeViewSolo.swift; sourceTree = "<group>"; };
		17D84C0B28D1AD3C0055199F /* LaunchScreen.storyboard */ = {isa = PBXFileReference; lastKnownFileType = file.storyboard; path = LaunchScreen.storyboard; sourceTree = "<group>"; };
		17D84C0D28D1C1F80055199F /* ContentView.swift */ = {isa = PBXFileReference; lastKnownFileType = sourcecode.swift; path = ContentView.swift; sourceTree = "<group>"; };
		17F3A43F28ABC270002E9047 /* ProjectPompeii.app */ = {isa = PBXFileReference; explicitFileType = wrapper.application; includeInIndex = 0; path = ProjectPompeii.app; sourceTree = BUILT_PRODUCTS_DIR; };
		17F3A44228ABC270002E9047 /* ProjectPompeiiApp.swift */ = {isa = PBXFileReference; lastKnownFileType = sourcecode.swift; path = ProjectPompeiiApp.swift; sourceTree = "<group>"; };
		17F3A44628ABC271002E9047 /* Assets.xcassets */ = {isa = PBXFileReference; lastKnownFileType = folder.assetcatalog; path = Assets.xcassets; sourceTree = "<group>"; };
		17F3A44928ABC271002E9047 /* Preview Assets.xcassets */ = {isa = PBXFileReference; lastKnownFileType = folder.assetcatalog; path = "Preview Assets.xcassets"; sourceTree = "<group>"; };
		17F3A44B28ABC271002E9047 /* Persistence.swift */ = {isa = PBXFileReference; lastKnownFileType = sourcecode.swift; path = Persistence.swift; sourceTree = "<group>"; };
		17F3A44E28ABC271002E9047 /* ProjectPompeii.xcdatamodel */ = {isa = PBXFileReference; lastKnownFileType = wrapper.xcdatamodel; path = ProjectPompeii.xcdatamodel; sourceTree = "<group>"; };
		17F3A45528ABC28A002E9047 /* .gitignore */ = {isa = PBXFileReference; lastKnownFileType = text; path = .gitignore; sourceTree = "<group>"; };
		BD443B5028AD1A4A00495FDE /* DrawView.swift */ = {isa = PBXFileReference; lastKnownFileType = sourcecode.swift; path = DrawView.swift; sourceTree = "<group>"; };
		BD443B5228AD1EE000495FDE /* LineModel.swift */ = {isa = PBXFileReference; lastKnownFileType = sourcecode.swift; path = LineModel.swift; sourceTree = "<group>"; };
		BD5037ED28AE6D57000CD18E /* DrawLandscapeView.swift */ = {isa = PBXFileReference; lastKnownFileType = sourcecode.swift; path = DrawLandscapeView.swift; sourceTree = "<group>"; };
		BD8B57F928CB73EC00339F7B /* Rubik-SemiBold.ttf */ = {isa = PBXFileReference; lastKnownFileType = file; path = "Rubik-SemiBold.ttf"; sourceTree = "<group>"; };
		BD8B57FB28CB73F900339F7B /* Rubik-Bold.ttf */ = {isa = PBXFileReference; lastKnownFileType = file; path = "Rubik-Bold.ttf"; sourceTree = "<group>"; };
		BD8B57FD28CB74CE00339F7B /* Rubik-Black.ttf */ = {isa = PBXFileReference; lastKnownFileType = file; path = "Rubik-Black.ttf"; sourceTree = "<group>"; };
		BD8B57FF28CB843800339F7B /* CustomAlertView.swift */ = {isa = PBXFileReference; lastKnownFileType = sourcecode.swift; path = CustomAlertView.swift; sourceTree = "<group>"; };
		BD8B580128CB8F1A00339F7B /* AlertModel.swift */ = {isa = PBXFileReference; lastKnownFileType = sourcecode.swift; path = AlertModel.swift; sourceTree = "<group>"; };
		BD95572C28B893EF00DFE639 /* PercentualModel.swift */ = {isa = PBXFileReference; lastKnownFileType = sourcecode.swift; path = PercentualModel.swift; sourceTree = "<group>"; };
		BDC46CF328C0E02500439743 /* QRCodeView.swift */ = {isa = PBXFileReference; lastKnownFileType = sourcecode.swift; path = QRCodeView.swift; sourceTree = "<group>"; };
		BDC46CF828C0EBAC00439743 /* QRCodeScannerView.swift */ = {isa = PBXFileReference; lastKnownFileType = sourcecode.swift; path = QRCodeScannerView.swift; sourceTree = "<group>"; };
		BDDD882228B7B7F7005133A7 /* FeedbackModel.swift */ = {isa = PBXFileReference; lastKnownFileType = sourcecode.swift; path = FeedbackModel.swift; sourceTree = "<group>"; };
		BDDD882428B7F3D4005133A7 /* CleoView.swift */ = {isa = PBXFileReference; lastKnownFileType = sourcecode.swift; path = CleoView.swift; sourceTree = "<group>"; };
/* End PBXFileReference section */

/* Begin PBXFrameworksBuildPhase section */
		17F3A43C28ABC270002E9047 /* Frameworks */ = {
			isa = PBXFrameworksBuildPhase;
			buildActionMask = 2147483647;
			files = (
				BDC46CF728C0EA5100439743 /* CodeScanner in Frameworks */,
			);
			runOnlyForDeploymentPostprocessing = 0;
		};
/* End PBXFrameworksBuildPhase section */

/* Begin PBXGroup section */
		1714CB8128ABD6020089D1B5 /* Models */ = {
			isa = PBXGroup;
			children = (
				17D5D4E328B8F633004DC247 /* DrawingModel.swift */,
				1714CB9F28AE8C590089D1B5 /* PlayerModel.swift */,
				BDDD882228B7B7F7005133A7 /* FeedbackModel.swift */,
				BD95572C28B893EF00DFE639 /* PercentualModel.swift */,
				BD443B5228AD1EE000495FDE /* LineModel.swift */,
				17D5D4F928C0E217004DC247 /* MatchModel.swift */,
				17D5D4FB28C0E224004DC247 /* RoundModel.swift */,
				BD8B580128CB8F1A00339F7B /* AlertModel.swift */,
			);
			path = Models;
			sourceTree = "<group>";
		};
		1714CB8228ABD6120089D1B5 /* Views */ = {
			isa = PBXGroup;
			children = (
				17D84C0B28D1AD3C0055199F /* LaunchScreen.storyboard */,
				17D84C0D28D1C1F80055199F /* ContentView.swift */,
				BD443B5028AD1A4A00495FDE /* DrawView.swift */,
				BDDD882428B7F3D4005133A7 /* CleoView.swift */,
				BD5037ED28AE6D57000CD18E /* DrawLandscapeView.swift */,
				1714CBA528AE932D0089D1B5 /* CustomButtonStyle.swift */,
				BD8B57FF28CB843800339F7B /* CustomAlertView.swift */,
				17D5D47B28B5138D004DC247 /* NicknameView.swift */,
				17D5D4FF28C0F9DB004DC247 /* HomeView.swift */,
				BDC46CF328C0E02500439743 /* QRCodeView.swift */,
				BDC46CF828C0EBAC00439743 /* QRCodeScannerView.swift */,
				17D5D50528C1E1F4004DC247 /* GuestWaitingView.swift */,
				17D84C0928D195830055199F /* HomeViewSolo.swift */,
				179A103228D210A0009FB6E8 /* CreditsView.swift */,
			);
			path = Views;
			sourceTree = "<group>";
		};
		1714CB8528ABD63D0089D1B5 /* Repositories */ = {
			isa = PBXGroup;
			children = (
				17F3A44D28ABC271002E9047 /* ProjectPompeii.xcdatamodeld */,
				17F3A44B28ABC271002E9047 /* Persistence.swift */,
				1714CBA128AE92C30089D1B5 /* PlayerRepository.swift */,
			);
			path = Repositories;
			sourceTree = "<group>";
		};
		1714CB8A28AD17490089D1B5 /* Resources */ = {
			isa = PBXGroup;
			children = (
				17F3A44628ABC271002E9047 /* Assets.xcassets */,
				17F3A44928ABC271002E9047 /* Preview Assets.xcassets */,
				17D84C0528D1889A0055199F /* fantasia.mp3 */,
				1714CBA728AEB0DD0089D1B5 /* RubikMarkerHatch-Regular.ttf */,
				179A103428D2172C009FB6E8 /* Rubik-Regular.ttf */,
				BD8B57F928CB73EC00339F7B /* Rubik-SemiBold.ttf */,
				BD8B57FB28CB73F900339F7B /* Rubik-Bold.ttf */,
				BD8B57FD28CB74CE00339F7B /* Rubik-Black.ttf */,
			);
			path = Resources;
			sourceTree = "<group>";
		};
		1714CB9328AD1FF20089D1B5 /* Utilities */ = {
			isa = PBXGroup;
			children = (
				17D5D50928C20BD5004DC247 /* DrawingClassifierModel.mlmodel */,
				17D5D4DE28B8F3A1004DC247 /* DrawingPredictor.swift */,
				17D5D4FD28C0E435004DC247 /* GameConnectionService.swift */,
				179A103728D2EADF009FB6E8 /* NavigationBond.swift */,
			);
			path = Utilities;
			sourceTree = "<group>";
		};
		17F3A43628ABC270002E9047 = {
			isa = PBXGroup;
			children = (
				17F3A44128ABC270002E9047 /* ProjectPompeii */,
				17F3A45528ABC28A002E9047 /* .gitignore */,
				17F3A44028ABC270002E9047 /* Products */,
			);
			sourceTree = "<group>";
		};
		17F3A44028ABC270002E9047 /* Products */ = {
			isa = PBXGroup;
			children = (
				17F3A43F28ABC270002E9047 /* ProjectPompeii.app */,
			);
			name = Products;
			sourceTree = "<group>";
		};
		17F3A44128ABC270002E9047 /* ProjectPompeii */ = {
			isa = PBXGroup;
			children = (
				1714CB8128ABD6020089D1B5 /* Models */,
				1714CB8228ABD6120089D1B5 /* Views */,
				1714CB8528ABD63D0089D1B5 /* Repositories */,
				1714CB9328AD1FF20089D1B5 /* Utilities */,
				1714CB8A28AD17490089D1B5 /* Resources */,
				17F3A44228ABC270002E9047 /* ProjectPompeiiApp.swift */,
			);
			path = ProjectPompeii;
			sourceTree = "<group>";
		};
/* End PBXGroup section */

/* Begin PBXNativeTarget section */
		17F3A43E28ABC270002E9047 /* ProjectPompeii */ = {
			isa = PBXNativeTarget;
			buildConfigurationList = 17F3A45228ABC271002E9047 /* Build configuration list for PBXNativeTarget "ProjectPompeii" */;
			buildPhases = (
				17F3A43B28ABC270002E9047 /* Sources */,
				17F3A43C28ABC270002E9047 /* Frameworks */,
				17F3A43D28ABC270002E9047 /* Resources */,
			);
			buildRules = (
			);
			dependencies = (
			);
			name = ProjectPompeii;
			packageProductDependencies = (
				BDC46CF628C0EA5100439743 /* CodeScanner */,
			);
			productName = ProjectPompeii;
			productReference = 17F3A43F28ABC270002E9047 /* ProjectPompeii.app */;
			productType = "com.apple.product-type.application";
		};
/* End PBXNativeTarget section */

/* Begin PBXProject section */
		17F3A43728ABC270002E9047 /* Project object */ = {
			isa = PBXProject;
			attributes = {
				BuildIndependentTargetsInParallel = 1;
				LastSwiftUpdateCheck = 1340;
				LastUpgradeCheck = 1340;
				TargetAttributes = {
					17F3A43E28ABC270002E9047 = {
						CreatedOnToolsVersion = 13.4.1;
					};
				};
			};
			buildConfigurationList = 17F3A43A28ABC270002E9047 /* Build configuration list for PBXProject "ProjectPompeii" */;
			compatibilityVersion = "Xcode 13.0";
			developmentRegion = en;
			hasScannedForEncodings = 0;
			knownRegions = (
				en,
				Base,
			);
			mainGroup = 17F3A43628ABC270002E9047;
			packageReferences = (
				BDC46CF528C0EA5100439743 /* XCRemoteSwiftPackageReference "CodeScanner" */,
			);
			productRefGroup = 17F3A44028ABC270002E9047 /* Products */;
			projectDirPath = "";
			projectRoot = "";
			targets = (
				17F3A43E28ABC270002E9047 /* ProjectPompeii */,
			);
		};
/* End PBXProject section */

/* Begin PBXResourcesBuildPhase section */
		17F3A43D28ABC270002E9047 /* Resources */ = {
			isa = PBXResourcesBuildPhase;
			buildActionMask = 2147483647;
			files = (
				17D84C0C28D1AD3D0055199F /* LaunchScreen.storyboard in Resources */,
				17F3A44A28ABC271002E9047 /* Preview Assets.xcassets in Resources */,
				17F3A45628ABC28A002E9047 /* .gitignore in Resources */,
				1714CBA828AEB11C0089D1B5 /* RubikMarkerHatch-Regular.ttf in Resources */,
				BD8B57FC28CB73F900339F7B /* Rubik-Bold.ttf in Resources */,
				17D84C1028D1DA800055199F /* fantasia.mp3 in Resources */,
				BD8B57FE28CB74CE00339F7B /* Rubik-Black.ttf in Resources */,
				17F3A44728ABC271002E9047 /* Assets.xcassets in Resources */,
				BD8B57FA28CB73ED00339F7B /* Rubik-SemiBold.ttf in Resources */,
			);
			runOnlyForDeploymentPostprocessing = 0;
		};
/* End PBXResourcesBuildPhase section */

/* Begin PBXSourcesBuildPhase section */
		17F3A43B28ABC270002E9047 /* Sources */ = {
			isa = PBXSourcesBuildPhase;
			buildActionMask = 2147483647;
			files = (
				BD8B580028CB843800339F7B /* CustomAlertView.swift in Sources */,
				179A103328D210A0009FB6E8 /* CreditsView.swift in Sources */,
				17D84C0E28D1C1F80055199F /* ContentView.swift in Sources */,
				1714CBA628AE932D0089D1B5 /* CustomButtonStyle.swift in Sources */,
				1714CBA028AE8C590089D1B5 /* PlayerModel.swift in Sources */,
				BDDD882328B7B7F7005133A7 /* FeedbackModel.swift in Sources */,
				17F3A44C28ABC271002E9047 /* Persistence.swift in Sources */,
				17D84C0A28D195830055199F /* HomeViewSolo.swift in Sources */,
				17D5D4E528B8F72C004DC247 /* DrawLandscapeView.swift in Sources */,
				BD95572D28B893EF00DFE639 /* PercentualModel.swift in Sources */,
				1714CBA228AE92C30089D1B5 /* PlayerRepository.swift in Sources */,
				17D5D4FE28C0E435004DC247 /* GameConnectionService.swift in Sources */,
				BDDD882528B7F3D4005133A7 /* CleoView.swift in Sources */,
				17F3A44F28ABC271002E9047 /* ProjectPompeii.xcdatamodeld in Sources */,
				BDC46CF928C0EBAC00439743 /* QRCodeScannerView.swift in Sources */,
				BD443B5128AD1A4A00495FDE /* DrawView.swift in Sources */,
				17D5D4E628B8F738004DC247 /* DrawingModel.swift in Sources */,
				179A103828D2EADF009FB6E8 /* NavigationBond.swift in Sources */,
				BD8B580228CB8F1A00339F7B /* AlertModel.swift in Sources */,
				17D5D4FA28C0E217004DC247 /* MatchModel.swift in Sources */,
				17D5D50628C1E1F4004DC247 /* GuestWaitingView.swift in Sources */,
				17D5D50028C0F9DB004DC247 /* HomeView.swift in Sources */,
				17D5D50A28C20BD5004DC247 /* DrawingClassifierModel.mlmodel in Sources */,
				BDC46CF428C0E02500439743 /* QRCodeView.swift in Sources */,
				17D5D47C28B5138D004DC247 /* NicknameView.swift in Sources */,
				17D5D4FC28C0E224004DC247 /* RoundModel.swift in Sources */,
				17D5D4DF28B8F3A1004DC247 /* DrawingPredictor.swift in Sources */,
				BD443B5328AD1EE000495FDE /* LineModel.swift in Sources */,
				17F3A44328ABC270002E9047 /* ProjectPompeiiApp.swift in Sources */,
			);
			runOnlyForDeploymentPostprocessing = 0;
		};
/* End PBXSourcesBuildPhase section */

/* Begin XCBuildConfiguration section */
		17F3A45028ABC271002E9047 /* Debug */ = {
			isa = XCBuildConfiguration;
			buildSettings = {
				ALWAYS_SEARCH_USER_PATHS = NO;
				CLANG_ANALYZER_NONNULL = YES;
				CLANG_ANALYZER_NUMBER_OBJECT_CONVERSION = YES_AGGRESSIVE;
				CLANG_CXX_LANGUAGE_STANDARD = "gnu++17";
				CLANG_ENABLE_MODULES = YES;
				CLANG_ENABLE_OBJC_ARC = YES;
				CLANG_ENABLE_OBJC_WEAK = YES;
				CLANG_WARN_BLOCK_CAPTURE_AUTORELEASING = YES;
				CLANG_WARN_BOOL_CONVERSION = YES;
				CLANG_WARN_COMMA = YES;
				CLANG_WARN_CONSTANT_CONVERSION = YES;
				CLANG_WARN_DEPRECATED_OBJC_IMPLEMENTATIONS = YES;
				CLANG_WARN_DIRECT_OBJC_ISA_USAGE = YES_ERROR;
				CLANG_WARN_DOCUMENTATION_COMMENTS = YES;
				CLANG_WARN_EMPTY_BODY = YES;
				CLANG_WARN_ENUM_CONVERSION = YES;
				CLANG_WARN_INFINITE_RECURSION = YES;
				CLANG_WARN_INT_CONVERSION = YES;
				CLANG_WARN_NON_LITERAL_NULL_CONVERSION = YES;
				CLANG_WARN_OBJC_IMPLICIT_RETAIN_SELF = YES;
				CLANG_WARN_OBJC_LITERAL_CONVERSION = YES;
				CLANG_WARN_OBJC_ROOT_CLASS = YES_ERROR;
				CLANG_WARN_QUOTED_INCLUDE_IN_FRAMEWORK_HEADER = YES;
				CLANG_WARN_RANGE_LOOP_ANALYSIS = YES;
				CLANG_WARN_STRICT_PROTOTYPES = YES;
				CLANG_WARN_SUSPICIOUS_MOVE = YES;
				CLANG_WARN_UNGUARDED_AVAILABILITY = YES_AGGRESSIVE;
				CLANG_WARN_UNREACHABLE_CODE = YES;
				CLANG_WARN__DUPLICATE_METHOD_MATCH = YES;
				COPY_PHASE_STRIP = NO;
				DEBUG_INFORMATION_FORMAT = dwarf;
				ENABLE_STRICT_OBJC_MSGSEND = YES;
				ENABLE_TESTABILITY = YES;
				GCC_C_LANGUAGE_STANDARD = gnu11;
				GCC_DYNAMIC_NO_PIC = NO;
				GCC_NO_COMMON_BLOCKS = YES;
				GCC_OPTIMIZATION_LEVEL = 0;
				GCC_PREPROCESSOR_DEFINITIONS = (
					"DEBUG=1",
					"$(inherited)",
				);
				GCC_WARN_64_TO_32_BIT_CONVERSION = YES;
				GCC_WARN_ABOUT_RETURN_TYPE = YES_ERROR;
				GCC_WARN_UNDECLARED_SELECTOR = YES;
				GCC_WARN_UNINITIALIZED_AUTOS = YES_AGGRESSIVE;
				GCC_WARN_UNUSED_FUNCTION = YES;
				GCC_WARN_UNUSED_VARIABLE = YES;
				IPHONEOS_DEPLOYMENT_TARGET = 15.5;
				MTL_ENABLE_DEBUG_INFO = INCLUDE_SOURCE;
				MTL_FAST_MATH = YES;
				ONLY_ACTIVE_ARCH = YES;
				SDKROOT = iphoneos;
				SWIFT_ACTIVE_COMPILATION_CONDITIONS = DEBUG;
				SWIFT_OPTIMIZATION_LEVEL = "-Onone";
			};
			name = Debug;
		};
		17F3A45128ABC271002E9047 /* Release */ = {
			isa = XCBuildConfiguration;
			buildSettings = {
				ALWAYS_SEARCH_USER_PATHS = NO;
				CLANG_ANALYZER_NONNULL = YES;
				CLANG_ANALYZER_NUMBER_OBJECT_CONVERSION = YES_AGGRESSIVE;
				CLANG_CXX_LANGUAGE_STANDARD = "gnu++17";
				CLANG_ENABLE_MODULES = YES;
				CLANG_ENABLE_OBJC_ARC = YES;
				CLANG_ENABLE_OBJC_WEAK = YES;
				CLANG_WARN_BLOCK_CAPTURE_AUTORELEASING = YES;
				CLANG_WARN_BOOL_CONVERSION = YES;
				CLANG_WARN_COMMA = YES;
				CLANG_WARN_CONSTANT_CONVERSION = YES;
				CLANG_WARN_DEPRECATED_OBJC_IMPLEMENTATIONS = YES;
				CLANG_WARN_DIRECT_OBJC_ISA_USAGE = YES_ERROR;
				CLANG_WARN_DOCUMENTATION_COMMENTS = YES;
				CLANG_WARN_EMPTY_BODY = YES;
				CLANG_WARN_ENUM_CONVERSION = YES;
				CLANG_WARN_INFINITE_RECURSION = YES;
				CLANG_WARN_INT_CONVERSION = YES;
				CLANG_WARN_NON_LITERAL_NULL_CONVERSION = YES;
				CLANG_WARN_OBJC_IMPLICIT_RETAIN_SELF = YES;
				CLANG_WARN_OBJC_LITERAL_CONVERSION = YES;
				CLANG_WARN_OBJC_ROOT_CLASS = YES_ERROR;
				CLANG_WARN_QUOTED_INCLUDE_IN_FRAMEWORK_HEADER = YES;
				CLANG_WARN_RANGE_LOOP_ANALYSIS = YES;
				CLANG_WARN_STRICT_PROTOTYPES = YES;
				CLANG_WARN_SUSPICIOUS_MOVE = YES;
				CLANG_WARN_UNGUARDED_AVAILABILITY = YES_AGGRESSIVE;
				CLANG_WARN_UNREACHABLE_CODE = YES;
				CLANG_WARN__DUPLICATE_METHOD_MATCH = YES;
				COPY_PHASE_STRIP = NO;
				DEBUG_INFORMATION_FORMAT = "dwarf-with-dsym";
				ENABLE_NS_ASSERTIONS = NO;
				ENABLE_STRICT_OBJC_MSGSEND = YES;
				GCC_C_LANGUAGE_STANDARD = gnu11;
				GCC_NO_COMMON_BLOCKS = YES;
				GCC_WARN_64_TO_32_BIT_CONVERSION = YES;
				GCC_WARN_ABOUT_RETURN_TYPE = YES_ERROR;
				GCC_WARN_UNDECLARED_SELECTOR = YES;
				GCC_WARN_UNINITIALIZED_AUTOS = YES_AGGRESSIVE;
				GCC_WARN_UNUSED_FUNCTION = YES;
				GCC_WARN_UNUSED_VARIABLE = YES;
				IPHONEOS_DEPLOYMENT_TARGET = 15.5;
				MTL_ENABLE_DEBUG_INFO = NO;
				MTL_FAST_MATH = YES;
				SDKROOT = iphoneos;
				SWIFT_COMPILATION_MODE = wholemodule;
				SWIFT_OPTIMIZATION_LEVEL = "-O";
				VALIDATE_PRODUCT = YES;
			};
			name = Release;
		};
		17F3A45328ABC271002E9047 /* Debug */ = {
			isa = XCBuildConfiguration;
			buildSettings = {
				ASSETCATALOG_COMPILER_APPICON_NAME = AppIcon;
				ASSETCATALOG_COMPILER_GLOBAL_ACCENT_COLOR_NAME = AccentColor;
				CODE_SIGN_IDENTITY = "Apple Development";
				CODE_SIGN_STYLE = Automatic;
				CURRENT_PROJECT_VERSION = 1;
				DEVELOPMENT_ASSET_PATHS = "";
				DEVELOPMENT_TEAM = "";
				ENABLE_PREVIEWS = YES;
				GENERATE_INFOPLIST_FILE = YES;
				INFOPLIST_FILE = ProjectPompeii/Info.plist;
				INFOPLIST_KEY_CFBundleDisplayName = Scribblium;
				INFOPLIST_KEY_UIApplicationSceneManifest_Generation = YES;
				INFOPLIST_KEY_UIApplicationSupportsIndirectInputEvents = YES;
				INFOPLIST_KEY_UILaunchStoryboardName = LaunchScreen;
				INFOPLIST_KEY_UIStatusBarHidden = YES;
				INFOPLIST_KEY_UISupportedInterfaceOrientations = UIInterfaceOrientationPortrait;
				INFOPLIST_KEY_UISupportedInterfaceOrientations_iPad = "UIInterfaceOrientationPortrait UIInterfaceOrientationPortraitUpsideDown";
				INFOPLIST_KEY_UISupportedInterfaceOrientations_iPhone = UIInterfaceOrientationPortrait;
				LD_RUNPATH_SEARCH_PATHS = (
					"$(inherited)",
					"@executable_path/Frameworks",
				);
				MARKETING_VERSION = 1.0;
				PRODUCT_BUNDLE_IDENTIFIER = com.devacademymao.ProjectPompeii;
				PRODUCT_NAME = "$(TARGET_NAME)";
				PROVISIONING_PROFILE_SPECIFIER = "";
				SWIFT_EMIT_LOC_STRINGS = YES;
				SWIFT_VERSION = 5.0;
				TARGETED_DEVICE_FAMILY = 1;
			};
			name = Debug;
		};
		17F3A45428ABC271002E9047 /* Release */ = {
			isa = XCBuildConfiguration;
			buildSettings = {
				ASSETCATALOG_COMPILER_APPICON_NAME = AppIcon;
				ASSETCATALOG_COMPILER_GLOBAL_ACCENT_COLOR_NAME = AccentColor;
				CODE_SIGN_IDENTITY = "Apple Development";
				CODE_SIGN_STYLE = Automatic;
				CURRENT_PROJECT_VERSION = 1;
				DEVELOPMENT_ASSET_PATHS = "";
				DEVELOPMENT_TEAM = "";
				ENABLE_PREVIEWS = YES;
				GENERATE_INFOPLIST_FILE = YES;
				INFOPLIST_FILE = ProjectPompeii/Info.plist;
				INFOPLIST_KEY_CFBundleDisplayName = Scribblium;
				INFOPLIST_KEY_UIApplicationSceneManifest_Generation = YES;
				INFOPLIST_KEY_UIApplicationSupportsIndirectInputEvents = YES;
				INFOPLIST_KEY_UILaunchStoryboardName = LaunchScreen;
				INFOPLIST_KEY_UIStatusBarHidden = YES;
				INFOPLIST_KEY_UISupportedInterfaceOrientations = UIInterfaceOrientationPortrait;
				INFOPLIST_KEY_UISupportedInterfaceOrientations_iPad = "UIInterfaceOrientationPortrait UIInterfaceOrientationPortraitUpsideDown";
				INFOPLIST_KEY_UISupportedInterfaceOrientations_iPhone = UIInterfaceOrientationPortrait;
				LD_RUNPATH_SEARCH_PATHS = (
					"$(inherited)",
					"@executable_path/Frameworks",
				);
				MARKETING_VERSION = 1.0;
				PRODUCT_BUNDLE_IDENTIFIER = com.devacademymao.ProjectPompeii;
				PRODUCT_NAME = "$(TARGET_NAME)";
				PROVISIONING_PROFILE_SPECIFIER = "";
				SWIFT_EMIT_LOC_STRINGS = YES;
				SWIFT_VERSION = 5.0;
				TARGETED_DEVICE_FAMILY = 1;
			};
			name = Release;
		};
/* End XCBuildConfiguration section */

/* Begin XCConfigurationList section */
		17F3A43A28ABC270002E9047 /* Build configuration list for PBXProject "ProjectPompeii" */ = {
			isa = XCConfigurationList;
			buildConfigurations = (
				17F3A45028ABC271002E9047 /* Debug */,
				17F3A45128ABC271002E9047 /* Release */,
			);
			defaultConfigurationIsVisible = 0;
			defaultConfigurationName = Release;
		};
		17F3A45228ABC271002E9047 /* Build configuration list for PBXNativeTarget "ProjectPompeii" */ = {
			isa = XCConfigurationList;
			buildConfigurations = (
				17F3A45328ABC271002E9047 /* Debug */,
				17F3A45428ABC271002E9047 /* Release */,
			);
			defaultConfigurationIsVisible = 0;
			defaultConfigurationName = Release;
		};
/* End XCConfigurationList section */

/* Begin XCRemoteSwiftPackageReference section */
		BDC46CF528C0EA5100439743 /* XCRemoteSwiftPackageReference "CodeScanner" */ = {
			isa = XCRemoteSwiftPackageReference;
			repositoryURL = "https://github.com/twostraws/CodeScanner";
			requirement = {
				kind = upToNextMajorVersion;
				minimumVersion = 2.0.0;
			};
		};
/* End XCRemoteSwiftPackageReference section */

/* Begin XCSwiftPackageProductDependency section */
		BDC46CF628C0EA5100439743 /* CodeScanner */ = {
			isa = XCSwiftPackageProductDependency;
			package = BDC46CF528C0EA5100439743 /* XCRemoteSwiftPackageReference "CodeScanner" */;
			productName = CodeScanner;
		};
/* End XCSwiftPackageProductDependency section */

/* Begin XCVersionGroup section */
		17F3A44D28ABC271002E9047 /* ProjectPompeii.xcdatamodeld */ = {
			isa = XCVersionGroup;
			children = (
				17F3A44E28ABC271002E9047 /* ProjectPompeii.xcdatamodel */,
			);
			currentVersion = 17F3A44E28ABC271002E9047 /* ProjectPompeii.xcdatamodel */;
			path = ProjectPompeii.xcdatamodeld;
			sourceTree = "<group>";
			versionGroupType = wrapper.xcdatamodel;
		};
/* End XCVersionGroup section */
	};
	rootObject = 17F3A43728ABC270002E9047 /* Project object */;
}
