// !$*UTF8*$!
{
	archiveVersion = 1;
	classes = {
	};
	objectVersion = 55;
	objects = {

/* Begin PBXBuildFile section */
		1743A6AF28E1ED5600928B54 /* DrawingPredictor.swift in Sources */ = {isa = PBXBuildFile; fileRef = 17D5D4DE28B8F3A1004DC247 /* DrawingPredictor.swift */; };
		179A103328D210A0009FB6E8 /* CreditsView.swift in Sources */ = {isa = PBXBuildFile; fileRef = 179A103228D210A0009FB6E8 /* CreditsView.swift */; };
		179A103828D2EADF009FB6E8 /* NavigationBond.swift in Sources */ = {isa = PBXBuildFile; fileRef = 179A103728D2EADF009FB6E8 /* NavigationBond.swift */; };
		17A3BAB62978397B00D27026 /* GameCenterManager.swift in Sources */ = {isa = PBXBuildFile; fileRef = 17A3BAB52978397B00D27026 /* GameCenterManager.swift */; };
		17A3BABB297EC95400D27026 /* GameCenterView.swift in Sources */ = {isa = PBXBuildFile; fileRef = 17A3BABA297EC95400D27026 /* GameCenterView.swift */; };
		17A3BAEC298946CC00D27026 /* Localizable.strings in Resources */ = {isa = PBXBuildFile; fileRef = 17A3BAEE298946CC00D27026 /* Localizable.strings */; };
		17C2D29E28F7EBD100F58B50 /* Rubik-Regular.ttf in Resources */ = {isa = PBXBuildFile; fileRef = 179A103428D2172C009FB6E8 /* Rubik-Regular.ttf */; };
		17C2D29F28F7EBD400F58B50 /* Rubik-Black.ttf in Resources */ = {isa = PBXBuildFile; fileRef = 17C2D29A28F7EAE800F58B50 /* Rubik-Black.ttf */; };
		17C2D2A028F7EBD600F58B50 /* Rubik-Bold.ttf in Resources */ = {isa = PBXBuildFile; fileRef = 17C2D29B28F7EAE800F58B50 /* Rubik-Bold.ttf */; };
		17C2D2A128F7EBD800F58B50 /* Rubik-SemiBold.ttf in Resources */ = {isa = PBXBuildFile; fileRef = 17C2D29D28F7EAE800F58B50 /* Rubik-SemiBold.ttf */; };
		17C2D2A228F7EBDB00F58B50 /* RubikMarkerHatch-Regular.ttf in Resources */ = {isa = PBXBuildFile; fileRef = 17C2D29C28F7EAE800F58B50 /* RubikMarkerHatch-Regular.ttf */; };
		17C2D2A428F83F1200F58B50 /* CGContext+drawImage.swift in Sources */ = {isa = PBXBuildFile; fileRef = 17C2D2A328F83F1200F58B50 /* CGContext+drawImage.swift */; };
		17C2D2A628F83F6B00F58B50 /* Prediction.swift in Sources */ = {isa = PBXBuildFile; fileRef = 17C2D2A528F83F6B00F58B50 /* Prediction.swift */; };
		17C96D8A28E3368900C0A0A7 /* Assets.xcassets in Resources */ = {isa = PBXBuildFile; fileRef = 17F3A44628ABC271002E9047 /* Assets.xcassets */; };
		17D5D4E628B8F738004DC247 /* Drawing.swift in Sources */ = {isa = PBXBuildFile; fileRef = 17D5D4E328B8F633004DC247 /* Drawing.swift */; };
		17D5D4FA28C0E217004DC247 /* ScoreManager.swift in Sources */ = {isa = PBXBuildFile; fileRef = 17D5D4F928C0E217004DC247 /* ScoreManager.swift */; };
		17D84C0A28D195830055199F /* HomeView.swift in Sources */ = {isa = PBXBuildFile; fileRef = 17D84C0928D195830055199F /* HomeView.swift */; };
		17D84C0C28D1AD3D0055199F /* LaunchScreen.storyboard in Resources */ = {isa = PBXBuildFile; fileRef = 17D84C0B28D1AD3C0055199F /* LaunchScreen.storyboard */; };
		17D84C0E28D1C1F80055199F /* ContentView.swift in Sources */ = {isa = PBXBuildFile; fileRef = 17D84C0D28D1C1F80055199F /* ContentView.swift */; };
		17F3A44328ABC270002E9047 /* ProjectPompeiiApp.swift in Sources */ = {isa = PBXBuildFile; fileRef = 17F3A44228ABC270002E9047 /* ProjectPompeiiApp.swift */; };
		17F3A45628ABC28A002E9047 /* .gitignore in Resources */ = {isa = PBXBuildFile; fileRef = 17F3A45528ABC28A002E9047 /* .gitignore */; };
		17F822E728E5C3280017E8C0 /* DrawingClassifierModel.mlmodel in Sources */ = {isa = PBXBuildFile; fileRef = 17F822E628E5C3280017E8C0 /* DrawingClassifierModel.mlmodel */; };
		BD15B1AF28E33BC100CCD292 /* HapticManager.swift in Sources */ = {isa = PBXBuildFile; fileRef = BD15B1AE28E33BC100CCD292 /* HapticManager.swift */; };
		BD21206928F59CFE0024C2BD /* Color+customColors.swift in Sources */ = {isa = PBXBuildFile; fileRef = BD21206828F59CFE0024C2BD /* Color+customColors.swift */; };
		BD25DFA228E203B100AE2A11 /* ConfettiSwiftUI in Frameworks */ = {isa = PBXBuildFile; productRef = BD25DFA128E203B100AE2A11 /* ConfettiSwiftUI */; };
		BD443B5128AD1A4A00495FDE /* DrawingView.swift in Sources */ = {isa = PBXBuildFile; fileRef = BD443B5028AD1A4A00495FDE /* DrawingView.swift */; };
		BD443B5328AD1EE000495FDE /* Line.swift in Sources */ = {isa = PBXBuildFile; fileRef = BD443B5228AD1EE000495FDE /* Line.swift */; };
		BD8B580028CB843800339F7B /* CustomAlertView.swift in Sources */ = {isa = PBXBuildFile; fileRef = BD8B57FF28CB843800339F7B /* CustomAlertView.swift */; };
		BD8B580228CB8F1A00339F7B /* Alert.swift in Sources */ = {isa = PBXBuildFile; fileRef = BD8B580128CB8F1A00339F7B /* Alert.swift */; };
		BDDD882528B7F3D4005133A7 /* CleoView.swift in Sources */ = {isa = PBXBuildFile; fileRef = BDDD882428B7F3D4005133A7 /* CleoView.swift */; };
		BDE929B528E4766900143268 /* SoundManager.swift in Sources */ = {isa = PBXBuildFile; fileRef = BDE929B428E4766900143268 /* SoundManager.swift */; };
		BDE929C128E4796500143268 /* correct.mp3 in Resources */ = {isa = PBXBuildFile; fileRef = BDE929BE28E4796500143268 /* correct.mp3 */; };
		BDE929C428E5E34D00143268 /* HowToPlayView.swift in Sources */ = {isa = PBXBuildFile; fileRef = BDE929C328E5E34D00143268 /* HowToPlayView.swift */; };
/* End PBXBuildFile section */

/* Begin PBXFileReference section */
		179A103228D210A0009FB6E8 /* CreditsView.swift */ = {isa = PBXFileReference; lastKnownFileType = sourcecode.swift; path = CreditsView.swift; sourceTree = "<group>"; };
		179A103428D2172C009FB6E8 /* Rubik-Regular.ttf */ = {isa = PBXFileReference; lastKnownFileType = file; path = "Rubik-Regular.ttf"; sourceTree = "<group>"; };
		179A103728D2EADF009FB6E8 /* NavigationBond.swift */ = {isa = PBXFileReference; lastKnownFileType = sourcecode.swift; path = NavigationBond.swift; sourceTree = "<group>"; };
		17A3BAB52978397B00D27026 /* GameCenterManager.swift */ = {isa = PBXFileReference; lastKnownFileType = sourcecode.swift; path = GameCenterManager.swift; sourceTree = "<group>"; };
		17A3BAB929784B2000D27026 /* ProjectPompeii.entitlements */ = {isa = PBXFileReference; lastKnownFileType = text.plist.entitlements; path = ProjectPompeii.entitlements; sourceTree = "<group>"; };
		17A3BABA297EC95400D27026 /* GameCenterView.swift */ = {isa = PBXFileReference; lastKnownFileType = sourcecode.swift; path = GameCenterView.swift; sourceTree = "<group>"; };
		17A3BAED298946CC00D27026 /* en */ = {isa = PBXFileReference; lastKnownFileType = text.plist.strings; name = en; path = en.lproj/Localizable.strings; sourceTree = "<group>"; };
		17A3BAEF2989479C00D27026 /* pt-BR */ = {isa = PBXFileReference; lastKnownFileType = text.plist.strings; name = "pt-BR"; path = "pt-BR.lproj/Localizable.strings"; sourceTree = "<group>"; };
		17C2D29A28F7EAE800F58B50 /* Rubik-Black.ttf */ = {isa = PBXFileReference; lastKnownFileType = file; path = "Rubik-Black.ttf"; sourceTree = "<group>"; };
		17C2D29B28F7EAE800F58B50 /* Rubik-Bold.ttf */ = {isa = PBXFileReference; lastKnownFileType = file; path = "Rubik-Bold.ttf"; sourceTree = "<group>"; };
		17C2D29C28F7EAE800F58B50 /* RubikMarkerHatch-Regular.ttf */ = {isa = PBXFileReference; lastKnownFileType = file; path = "RubikMarkerHatch-Regular.ttf"; sourceTree = "<group>"; };
		17C2D29D28F7EAE800F58B50 /* Rubik-SemiBold.ttf */ = {isa = PBXFileReference; lastKnownFileType = file; path = "Rubik-SemiBold.ttf"; sourceTree = "<group>"; };
		17C2D2A328F83F1200F58B50 /* CGContext+drawImage.swift */ = {isa = PBXFileReference; lastKnownFileType = sourcecode.swift; path = "CGContext+drawImage.swift"; sourceTree = "<group>"; };
		17C2D2A528F83F6B00F58B50 /* Prediction.swift */ = {isa = PBXFileReference; lastKnownFileType = sourcecode.swift; path = Prediction.swift; sourceTree = "<group>"; };
		17D5D4DE28B8F3A1004DC247 /* DrawingPredictor.swift */ = {isa = PBXFileReference; fileEncoding = 4; lastKnownFileType = sourcecode.swift; path = DrawingPredictor.swift; sourceTree = "<group>"; };
		17D5D4E328B8F633004DC247 /* Drawing.swift */ = {isa = PBXFileReference; lastKnownFileType = sourcecode.swift; path = Drawing.swift; sourceTree = "<group>"; };
		17D5D4F928C0E217004DC247 /* ScoreManager.swift */ = {isa = PBXFileReference; lastKnownFileType = sourcecode.swift; path = ScoreManager.swift; sourceTree = "<group>"; };
		17D84C0928D195830055199F /* HomeView.swift */ = {isa = PBXFileReference; lastKnownFileType = sourcecode.swift; path = HomeView.swift; sourceTree = "<group>"; };
		17D84C0B28D1AD3C0055199F /* LaunchScreen.storyboard */ = {isa = PBXFileReference; lastKnownFileType = file.storyboard; path = LaunchScreen.storyboard; sourceTree = "<group>"; };
		17D84C0D28D1C1F80055199F /* ContentView.swift */ = {isa = PBXFileReference; lastKnownFileType = sourcecode.swift; path = ContentView.swift; sourceTree = "<group>"; };
		17F3A43F28ABC270002E9047 /* ProjectPompeii.app */ = {isa = PBXFileReference; explicitFileType = wrapper.application; includeInIndex = 0; path = ProjectPompeii.app; sourceTree = BUILT_PRODUCTS_DIR; };
		17F3A44228ABC270002E9047 /* ProjectPompeiiApp.swift */ = {isa = PBXFileReference; lastKnownFileType = sourcecode.swift; path = ProjectPompeiiApp.swift; sourceTree = "<group>"; };
		17F3A44628ABC271002E9047 /* Assets.xcassets */ = {isa = PBXFileReference; lastKnownFileType = folder.assetcatalog; path = Assets.xcassets; sourceTree = "<group>"; };
		17F3A45528ABC28A002E9047 /* .gitignore */ = {isa = PBXFileReference; lastKnownFileType = text; path = .gitignore; sourceTree = "<group>"; };
		17F822E628E5C3280017E8C0 /* DrawingClassifierModel.mlmodel */ = {isa = PBXFileReference; lastKnownFileType = file.mlmodel; path = DrawingClassifierModel.mlmodel; sourceTree = "<group>"; };
		BD15B1AE28E33BC100CCD292 /* HapticManager.swift */ = {isa = PBXFileReference; lastKnownFileType = sourcecode.swift; path = HapticManager.swift; sourceTree = "<group>"; };
		BD21206828F59CFE0024C2BD /* Color+customColors.swift */ = {isa = PBXFileReference; lastKnownFileType = sourcecode.swift; path = "Color+customColors.swift"; sourceTree = "<group>"; };
		BD443B5028AD1A4A00495FDE /* DrawingView.swift */ = {isa = PBXFileReference; lastKnownFileType = sourcecode.swift; path = DrawingView.swift; sourceTree = "<group>"; };
		BD443B5228AD1EE000495FDE /* Line.swift */ = {isa = PBXFileReference; lastKnownFileType = sourcecode.swift; path = Line.swift; sourceTree = "<group>"; };
		BD8B57FF28CB843800339F7B /* CustomAlertView.swift */ = {isa = PBXFileReference; lastKnownFileType = sourcecode.swift; path = CustomAlertView.swift; sourceTree = "<group>"; };
		BD8B580128CB8F1A00339F7B /* Alert.swift */ = {isa = PBXFileReference; lastKnownFileType = sourcecode.swift; path = Alert.swift; sourceTree = "<group>"; };
		BDDD882428B7F3D4005133A7 /* CleoView.swift */ = {isa = PBXFileReference; lastKnownFileType = sourcecode.swift; path = CleoView.swift; sourceTree = "<group>"; };
		BDE929B428E4766900143268 /* SoundManager.swift */ = {isa = PBXFileReference; lastKnownFileType = sourcecode.swift; path = SoundManager.swift; sourceTree = "<group>"; };
		BDE929BE28E4796500143268 /* correct.mp3 */ = {isa = PBXFileReference; lastKnownFileType = audio.mp3; path = correct.mp3; sourceTree = "<group>"; };
		BDE929C328E5E34D00143268 /* HowToPlayView.swift */ = {isa = PBXFileReference; lastKnownFileType = sourcecode.swift; path = HowToPlayView.swift; sourceTree = "<group>"; };
/* End PBXFileReference section */

/* Begin PBXFrameworksBuildPhase section */
		17F3A43C28ABC270002E9047 /* Frameworks */ = {
			isa = PBXFrameworksBuildPhase;
			buildActionMask = 2147483647;
			files = (
				BD25DFA228E203B100AE2A11 /* ConfettiSwiftUI in Frameworks */,
			);
			runOnlyForDeploymentPostprocessing = 0;
		};
/* End PBXFrameworksBuildPhase section */

/* Begin PBXGroup section */
		1714CB8128ABD6020089D1B5 /* Models */ = {
			isa = PBXGroup;
			children = (
				17C2D2A528F83F6B00F58B50 /* Prediction.swift */,
				17D5D4E328B8F633004DC247 /* Drawing.swift */,
				BD443B5228AD1EE000495FDE /* Line.swift */,
				BD8B580128CB8F1A00339F7B /* Alert.swift */,
			);
			path = Models;
			sourceTree = "<group>";
		};
		1714CB8228ABD6120089D1B5 /* Views */ = {
			isa = PBXGroup;
			children = (
				17D84C0B28D1AD3C0055199F /* LaunchScreen.storyboard */,
				17D84C0D28D1C1F80055199F /* ContentView.swift */,
				BD443B5028AD1A4A00495FDE /* DrawingView.swift */,
				BDDD882428B7F3D4005133A7 /* CleoView.swift */,
				BD8B57FF28CB843800339F7B /* CustomAlertView.swift */,
				17D84C0928D195830055199F /* HomeView.swift */,
				179A103228D210A0009FB6E8 /* CreditsView.swift */,
				BDE929C328E5E34D00143268 /* HowToPlayView.swift */,
				17A3BABA297EC95400D27026 /* GameCenterView.swift */,
			);
			path = Views;
			sourceTree = "<group>";
		};
		1714CB8A28AD17490089D1B5 /* Resources */ = {
			isa = PBXGroup;
			children = (
				17F3A44628ABC271002E9047 /* Assets.xcassets */,
				17A3BAEE298946CC00D27026 /* Localizable.strings */,
				17F822E628E5C3280017E8C0 /* DrawingClassifierModel.mlmodel */,
				179A103428D2172C009FB6E8 /* Rubik-Regular.ttf */,
				17C2D29A28F7EAE800F58B50 /* Rubik-Black.ttf */,
				17C2D29B28F7EAE800F58B50 /* Rubik-Bold.ttf */,
				17C2D29D28F7EAE800F58B50 /* Rubik-SemiBold.ttf */,
				17C2D29C28F7EAE800F58B50 /* RubikMarkerHatch-Regular.ttf */,
				BDE929BE28E4796500143268 /* correct.mp3 */,
			);
			path = Resources;
			sourceTree = "<group>";
		};
		1714CB9328AD1FF20089D1B5 /* Utilities */ = {
			isa = PBXGroup;
			children = (
				17D5D4DE28B8F3A1004DC247 /* DrawingPredictor.swift */,
				17D5D4F928C0E217004DC247 /* ScoreManager.swift */,
				BD15B1AE28E33BC100CCD292 /* HapticManager.swift */,
				BDE929B428E4766900143268 /* SoundManager.swift */,
				179A103728D2EADF009FB6E8 /* NavigationBond.swift */,
				17A3BAB52978397B00D27026 /* GameCenterManager.swift */,
			);
			path = Utilities;
			sourceTree = "<group>";
		};
		17F3A43628ABC270002E9047 = {
			isa = PBXGroup;
			children = (
				17F3A44128ABC270002E9047 /* ProjectPompeii */,
				17F3A45528ABC28A002E9047 /* .gitignore */,
				17F3A44028ABC270002E9047 /* Products */,
			);
			sourceTree = "<group>";
		};
		17F3A44028ABC270002E9047 /* Products */ = {
			isa = PBXGroup;
			children = (
				17F3A43F28ABC270002E9047 /* ProjectPompeii.app */,
			);
			name = Products;
			sourceTree = "<group>";
		};
		17F3A44128ABC270002E9047 /* ProjectPompeii */ = {
			isa = PBXGroup;
			children = (
				17F3A44228ABC270002E9047 /* ProjectPompeiiApp.swift */,
				17A3BAB929784B2000D27026 /* ProjectPompeii.entitlements */,
				1714CB8128ABD6020089D1B5 /* Models */,
				1714CB8228ABD6120089D1B5 /* Views */,
				1714CB9328AD1FF20089D1B5 /* Utilities */,
				BD21206728F59A560024C2BD /* Extensions */,
				1714CB8A28AD17490089D1B5 /* Resources */,
			);
			path = ProjectPompeii;
			sourceTree = "<group>";
		};
		BD21206728F59A560024C2BD /* Extensions */ = {
			isa = PBXGroup;
			children = (
				BD21206828F59CFE0024C2BD /* Color+customColors.swift */,
				17C2D2A328F83F1200F58B50 /* CGContext+drawImage.swift */,
			);
			path = Extensions;
			sourceTree = "<group>";
		};
/* End PBXGroup section */

/* Begin PBXNativeTarget section */
		17F3A43E28ABC270002E9047 /* ProjectPompeii */ = {
			isa = PBXNativeTarget;
			buildConfigurationList = 17F3A45228ABC271002E9047 /* Build configuration list for PBXNativeTarget "ProjectPompeii" */;
			buildPhases = (
				17F3A43B28ABC270002E9047 /* Sources */,
				17F3A43C28ABC270002E9047 /* Frameworks */,
				17F3A43D28ABC270002E9047 /* Resources */,
			);
			buildRules = (
			);
			dependencies = (
			);
			name = ProjectPompeii;
			packageProductDependencies = (
				BD25DFA128E203B100AE2A11 /* ConfettiSwiftUI */,
			);
			productName = ProjectPompeii;
			productReference = 17F3A43F28ABC270002E9047 /* ProjectPompeii.app */;
			productType = "com.apple.product-type.application";
		};
/* End PBXNativeTarget section */

/* Begin PBXProject section */
		17F3A43728ABC270002E9047 /* Project object */ = {
			isa = PBXProject;
			attributes = {
				BuildIndependentTargetsInParallel = 1;
				LastSwiftUpdateCheck = 1340;
				LastUpgradeCheck = 1340;
				TargetAttributes = {
					17F3A43E28ABC270002E9047 = {
						CreatedOnToolsVersion = 13.4.1;
					};
				};
			};
			buildConfigurationList = 17F3A43A28ABC270002E9047 /* Build configuration list for PBXProject "ProjectPompeii" */;
			compatibilityVersion = "Xcode 13.0";
			developmentRegion = en;
			hasScannedForEncodings = 0;
			knownRegions = (
				en,
				Base,
				"pt-BR",
			);
			mainGroup = 17F3A43628ABC270002E9047;
			packageReferences = (
				BD25DFA028E203B100AE2A11 /* XCRemoteSwiftPackageReference "ConfettiSwiftUI" */,
			);
			productRefGroup = 17F3A44028ABC270002E9047 /* Products */;
			projectDirPath = "";
			projectRoot = "";
			targets = (
				17F3A43E28ABC270002E9047 /* ProjectPompeii */,
			);
		};
/* End PBXProject section */

/* Begin PBXResourcesBuildPhase section */
		17F3A43D28ABC270002E9047 /* Resources */ = {
			isa = PBXResourcesBuildPhase;
			buildActionMask = 2147483647;
			files = (
				17C2D29F28F7EBD400F58B50 /* Rubik-Black.ttf in Resources */,
				17D84C0C28D1AD3D0055199F /* LaunchScreen.storyboard in Resources */,
				17F3A45628ABC28A002E9047 /* .gitignore in Resources */,
				17C2D2A228F7EBDB00F58B50 /* RubikMarkerHatch-Regular.ttf in Resources */,
				BDE929C128E4796500143268 /* correct.mp3 in Resources */,
				17A3BAEC298946CC00D27026 /* Localizable.strings in Resources */,
				17C2D2A028F7EBD600F58B50 /* Rubik-Bold.ttf in Resources */,
				17C2D29E28F7EBD100F58B50 /* Rubik-Regular.ttf in Resources */,
				17C96D8A28E3368900C0A0A7 /* Assets.xcassets in Resources */,
				17C2D2A128F7EBD800F58B50 /* Rubik-SemiBold.ttf in Resources */,
			);
			runOnlyForDeploymentPostprocessing = 0;
		};
/* End PBXResourcesBuildPhase section */

/* Begin PBXSourcesBuildPhase section */
		17F3A43B28ABC270002E9047 /* Sources */ = {
			isa = PBXSourcesBuildPhase;
			buildActionMask = 2147483647;
			files = (
				17A3BAB62978397B00D27026 /* GameCenterManager.swift in Sources */,
				BD8B580028CB843800339F7B /* CustomAlertView.swift in Sources */,
				179A103328D210A0009FB6E8 /* CreditsView.swift in Sources */,
				BD21206928F59CFE0024C2BD /* Color+customColors.swift in Sources */,
				17D84C0E28D1C1F80055199F /* ContentView.swift in Sources */,
				17D84C0A28D195830055199F /* HomeView.swift in Sources */,
				BDE929B528E4766900143268 /* SoundManager.swift in Sources */,
				BDDD882528B7F3D4005133A7 /* CleoView.swift in Sources */,
				17C2D2A428F83F1200F58B50 /* CGContext+drawImage.swift in Sources */,
				17C2D2A628F83F6B00F58B50 /* Prediction.swift in Sources */,
				BD443B5128AD1A4A00495FDE /* DrawingView.swift in Sources */,
				17D5D4E628B8F738004DC247 /* Drawing.swift in Sources */,
				179A103828D2EADF009FB6E8 /* NavigationBond.swift in Sources */,
				BD8B580228CB8F1A00339F7B /* Alert.swift in Sources */,
				17D5D4FA28C0E217004DC247 /* ScoreManager.swift in Sources */,
				17F822E728E5C3280017E8C0 /* DrawingClassifierModel.mlmodel in Sources */,
				BDE929C428E5E34D00143268 /* HowToPlayView.swift in Sources */,
				BD15B1AF28E33BC100CCD292 /* HapticManager.swift in Sources */,
				BD443B5328AD1EE000495FDE /* Line.swift in Sources */,
				17A3BABB297EC95400D27026 /* GameCenterView.swift in Sources */,
				17F3A44328ABC270002E9047 /* ProjectPompeiiApp.swift in Sources */,
				1743A6AF28E1ED5600928B54 /* DrawingPredictor.swift in Sources */,
			);
			runOnlyForDeploymentPostprocessing = 0;
		};
/* End PBXSourcesBuildPhase section */

/* Begin PBXVariantGroup section */
		17A3BAEE298946CC00D27026 /* Localizable.strings */ = {
			isa = PBXVariantGroup;
			children = (
				17A3BAED298946CC00D27026 /* en */,
				17A3BAEF2989479C00D27026 /* pt-BR */,
			);
			name = Localizable.strings;
			sourceTree = "<group>";
		};
/* End PBXVariantGroup section */

/* Begin XCBuildConfiguration section */
		17F3A45028ABC271002E9047 /* Debug */ = {
			isa = XCBuildConfiguration;
			buildSettings = {
				ALWAYS_SEARCH_USER_PATHS = NO;
				CLANG_ANALYZER_LOCALIZABILITY_NONLOCALIZED = YES;
				CLANG_ANALYZER_NONNULL = YES;
				CLANG_ANALYZER_NUMBER_OBJECT_CONVERSION = YES_AGGRESSIVE;
				CLANG_CXX_LANGUAGE_STANDARD = "gnu++17";
				CLANG_ENABLE_MODULES = YES;
				CLANG_ENABLE_OBJC_ARC = YES;
				CLANG_ENABLE_OBJC_WEAK = YES;
				CLANG_WARN_BLOCK_CAPTURE_AUTORELEASING = YES;
				CLANG_WARN_BOOL_CONVERSION = YES;
				CLANG_WARN_COMMA = YES;
				CLANG_WARN_CONSTANT_CONVERSION = YES;
				CLANG_WARN_DEPRECATED_OBJC_IMPLEMENTATIONS = YES;
				CLANG_WARN_DIRECT_OBJC_ISA_USAGE = YES_ERROR;
				CLANG_WARN_DOCUMENTATION_COMMENTS = YES;
				CLANG_WARN_EMPTY_BODY = YES;
				CLANG_WARN_ENUM_CONVERSION = YES;
				CLANG_WARN_INFINITE_RECURSION = YES;
				CLANG_WARN_INT_CONVERSION = YES;
				CLANG_WARN_NON_LITERAL_NULL_CONVERSION = YES;
				CLANG_WARN_OBJC_IMPLICIT_RETAIN_SELF = YES;
				CLANG_WARN_OBJC_LITERAL_CONVERSION = YES;
				CLANG_WARN_OBJC_ROOT_CLASS = YES_ERROR;
				CLANG_WARN_QUOTED_INCLUDE_IN_FRAMEWORK_HEADER = YES;
				CLANG_WARN_RANGE_LOOP_ANALYSIS = YES;
				CLANG_WARN_STRICT_PROTOTYPES = YES;
				CLANG_WARN_SUSPICIOUS_MOVE = YES;
				CLANG_WARN_UNGUARDED_AVAILABILITY = YES_AGGRESSIVE;
				CLANG_WARN_UNREACHABLE_CODE = YES;
				CLANG_WARN__DUPLICATE_METHOD_MATCH = YES;
				COPY_PHASE_STRIP = NO;
				DEBUG_INFORMATION_FORMAT = dwarf;
				ENABLE_STRICT_OBJC_MSGSEND = YES;
				ENABLE_TESTABILITY = YES;
				GCC_C_LANGUAGE_STANDARD = gnu11;
				GCC_DYNAMIC_NO_PIC = NO;
				GCC_NO_COMMON_BLOCKS = YES;
				GCC_OPTIMIZATION_LEVEL = 0;
				GCC_PREPROCESSOR_DEFINITIONS = (
					"DEBUG=1",
					"$(inherited)",
				);
				GCC_WARN_64_TO_32_BIT_CONVERSION = YES;
				GCC_WARN_ABOUT_RETURN_TYPE = YES_ERROR;
				GCC_WARN_UNDECLARED_SELECTOR = YES;
				GCC_WARN_UNINITIALIZED_AUTOS = YES_AGGRESSIVE;
				GCC_WARN_UNUSED_FUNCTION = YES;
				GCC_WARN_UNUSED_VARIABLE = YES;
				IPHONEOS_DEPLOYMENT_TARGET = 15.5;
				MTL_ENABLE_DEBUG_INFO = INCLUDE_SOURCE;
				MTL_FAST_MATH = YES;
				ONLY_ACTIVE_ARCH = YES;
				SDKROOT = iphoneos;
				SWIFT_ACTIVE_COMPILATION_CONDITIONS = DEBUG;
				SWIFT_OPTIMIZATION_LEVEL = "-Onone";
			};
			name = Debug;
		};
		17F3A45128ABC271002E9047 /* Release */ = {
			isa = XCBuildConfiguration;
			buildSettings = {
				ALWAYS_SEARCH_USER_PATHS = NO;
				CLANG_ANALYZER_LOCALIZABILITY_NONLOCALIZED = YES;
				CLANG_ANALYZER_NONNULL = YES;
				CLANG_ANALYZER_NUMBER_OBJECT_CONVERSION = YES_AGGRESSIVE;
				CLANG_CXX_LANGUAGE_STANDARD = "gnu++17";
				CLANG_ENABLE_MODULES = YES;
				CLANG_ENABLE_OBJC_ARC = YES;
				CLANG_ENABLE_OBJC_WEAK = YES;
				CLANG_WARN_BLOCK_CAPTURE_AUTORELEASING = YES;
				CLANG_WARN_BOOL_CONVERSION = YES;
				CLANG_WARN_COMMA = YES;
				CLANG_WARN_CONSTANT_CONVERSION = YES;
				CLANG_WARN_DEPRECATED_OBJC_IMPLEMENTATIONS = YES;
				CLANG_WARN_DIRECT_OBJC_ISA_USAGE = YES_ERROR;
				CLANG_WARN_DOCUMENTATION_COMMENTS = YES;
				CLANG_WARN_EMPTY_BODY = YES;
				CLANG_WARN_ENUM_CONVERSION = YES;
				CLANG_WARN_INFINITE_RECURSION = YES;
				CLANG_WARN_INT_CONVERSION = YES;
				CLANG_WARN_NON_LITERAL_NULL_CONVERSION = YES;
				CLANG_WARN_OBJC_IMPLICIT_RETAIN_SELF = YES;
				CLANG_WARN_OBJC_LITERAL_CONVERSION = YES;
				CLANG_WARN_OBJC_ROOT_CLASS = YES_ERROR;
				CLANG_WARN_QUOTED_INCLUDE_IN_FRAMEWORK_HEADER = YES;
				CLANG_WARN_RANGE_LOOP_ANALYSIS = YES;
				CLANG_WARN_STRICT_PROTOTYPES = YES;
				CLANG_WARN_SUSPICIOUS_MOVE = YES;
				CLANG_WARN_UNGUARDED_AVAILABILITY = YES_AGGRESSIVE;
				CLANG_WARN_UNREACHABLE_CODE = YES;
				CLANG_WARN__DUPLICATE_METHOD_MATCH = YES;
				COPY_PHASE_STRIP = NO;
				DEBUG_INFORMATION_FORMAT = "dwarf-with-dsym";
				ENABLE_NS_ASSERTIONS = NO;
				ENABLE_STRICT_OBJC_MSGSEND = YES;
				GCC_C_LANGUAGE_STANDARD = gnu11;
				GCC_NO_COMMON_BLOCKS = YES;
				GCC_WARN_64_TO_32_BIT_CONVERSION = YES;
				GCC_WARN_ABOUT_RETURN_TYPE = YES_ERROR;
				GCC_WARN_UNDECLARED_SELECTOR = YES;
				GCC_WARN_UNINITIALIZED_AUTOS = YES_AGGRESSIVE;
				GCC_WARN_UNUSED_FUNCTION = YES;
				GCC_WARN_UNUSED_VARIABLE = YES;
				IPHONEOS_DEPLOYMENT_TARGET = 15.5;
				MTL_ENABLE_DEBUG_INFO = NO;
				MTL_FAST_MATH = YES;
				SDKROOT = iphoneos;
				SWIFT_COMPILATION_MODE = wholemodule;
				SWIFT_OPTIMIZATION_LEVEL = "-O";
				VALIDATE_PRODUCT = YES;
			};
			name = Release;
		};
		17F3A45328ABC271002E9047 /* Debug */ = {
			isa = XCBuildConfiguration;
			buildSettings = {
				ASSETCATALOG_COMPILER_APPICON_NAME = AppIcon;
				ASSETCATALOG_COMPILER_GLOBAL_ACCENT_COLOR_NAME = AccentColor;
				CODE_SIGN_ENTITLEMENTS = ProjectPompeii/ProjectPompeii.entitlements;
				CODE_SIGN_IDENTITY = "Apple Development";
				CODE_SIGN_STYLE = Automatic;
				CURRENT_PROJECT_VERSION = 7;
				DEVELOPMENT_ASSET_PATHS = "";
				DEVELOPMENT_TEAM = "";
				ENABLE_PREVIEWS = YES;
				GENERATE_INFOPLIST_FILE = YES;
				INFOPLIST_FILE = ProjectPompeii/Info.plist;
				INFOPLIST_KEY_CFBundleDisplayName = Scribblium;
				INFOPLIST_KEY_LSApplicationCategoryType = "public.app-category.games";
				INFOPLIST_KEY_UIApplicationSceneManifest_Generation = YES;
				INFOPLIST_KEY_UIApplicationSupportsIndirectInputEvents = YES;
				INFOPLIST_KEY_UILaunchStoryboardName = LaunchScreen.storyboard;
				INFOPLIST_KEY_UIStatusBarHidden = YES;
				INFOPLIST_KEY_UISupportedInterfaceOrientations = UIInterfaceOrientationPortrait;
				INFOPLIST_KEY_UISupportedInterfaceOrientations_iPad = "UIInterfaceOrientationPortrait UIInterfaceOrientationPortraitUpsideDown";
				INFOPLIST_KEY_UISupportedInterfaceOrientations_iPhone = UIInterfaceOrientationPortrait;
				IPHONEOS_DEPLOYMENT_TARGET = 15.0;
				LD_RUNPATH_SEARCH_PATHS = (
					"$(inherited)",
					"@executable_path/Frameworks",
				);
				MARKETING_VERSION = 1.2.2;
				PRODUCT_BUNDLE_IDENTIFIER = com.devacademymao.ProjectPompeii;
				PRODUCT_NAME = "$(TARGET_NAME)";
				PROVISIONING_PROFILE_SPECIFIER = "";
				SUPPORTED_PLATFORMS = "iphoneos iphonesimulator";
				SUPPORTS_MACCATALYST = NO;
				SUPPORTS_MAC_DESIGNED_FOR_IPHONE_IPAD = NO;
				SWIFT_EMIT_LOC_STRINGS = YES;
				SWIFT_VERSION = 5.0;
				TARGETED_DEVICE_FAMILY = 1;
			};
			name = Debug;
		};
		17F3A45428ABC271002E9047 /* Release */ = {
			isa = XCBuildConfiguration;
			buildSettings = {
				ASSETCATALOG_COMPILER_APPICON_NAME = AppIcon;
				ASSETCATALOG_COMPILER_GLOBAL_ACCENT_COLOR_NAME = AccentColor;
				CODE_SIGN_ENTITLEMENTS = ProjectPompeii/ProjectPompeii.entitlements;
				CODE_SIGN_IDENTITY = "Apple Development";
				CODE_SIGN_STYLE = Automatic;
				CURRENT_PROJECT_VERSION = 7;
				DEVELOPMENT_ASSET_PATHS = "";
				DEVELOPMENT_TEAM = "";
				ENABLE_PREVIEWS = YES;
				GENERATE_INFOPLIST_FILE = YES;
				INFOPLIST_FILE = ProjectPompeii/Info.plist;
				INFOPLIST_KEY_CFBundleDisplayName = Scribblium;
				INFOPLIST_KEY_LSApplicationCategoryType = "public.app-category.games";
				INFOPLIST_KEY_UIApplicationSceneManifest_Generation = YES;
				INFOPLIST_KEY_UIApplicationSupportsIndirectInputEvents = YES;
				INFOPLIST_KEY_UILaunchStoryboardName = LaunchScreen.storyboard;
				INFOPLIST_KEY_UIStatusBarHidden = YES;
				INFOPLIST_KEY_UISupportedInterfaceOrientations = UIInterfaceOrientationPortrait;
				INFOPLIST_KEY_UISupportedInterfaceOrientations_iPad = "UIInterfaceOrientationPortrait UIInterfaceOrientationPortraitUpsideDown";
				INFOPLIST_KEY_UISupportedInterfaceOrientations_iPhone = UIInterfaceOrientationPortrait;
				IPHONEOS_DEPLOYMENT_TARGET = 15.0;
				LD_RUNPATH_SEARCH_PATHS = (
					"$(inherited)",
					"@executable_path/Frameworks",
				);
				MARKETING_VERSION = 1.2.2;
				PRODUCT_BUNDLE_IDENTIFIER = com.devacademymao.ProjectPompeii;
				PRODUCT_NAME = "$(TARGET_NAME)";
				PROVISIONING_PROFILE_SPECIFIER = "";
				SUPPORTED_PLATFORMS = "iphoneos iphonesimulator";
				SUPPORTS_MACCATALYST = NO;
				SUPPORTS_MAC_DESIGNED_FOR_IPHONE_IPAD = NO;
				SWIFT_EMIT_LOC_STRINGS = YES;
				SWIFT_VERSION = 5.0;
				TARGETED_DEVICE_FAMILY = 1;
			};
			name = Release;
		};
/* End XCBuildConfiguration section */

/* Begin XCConfigurationList section */
		17F3A43A28ABC270002E9047 /* Build configuration list for PBXProject "ProjectPompeii" */ = {
			isa = XCConfigurationList;
			buildConfigurations = (
				17F3A45028ABC271002E9047 /* Debug */,
				17F3A45128ABC271002E9047 /* Release */,
			);
			defaultConfigurationIsVisible = 0;
			defaultConfigurationName = Release;
		};
		17F3A45228ABC271002E9047 /* Build configuration list for PBXNativeTarget "ProjectPompeii" */ = {
			isa = XCConfigurationList;
			buildConfigurations = (
				17F3A45328ABC271002E9047 /* Debug */,
				17F3A45428ABC271002E9047 /* Release */,
			);
			defaultConfigurationIsVisible = 0;
			defaultConfigurationName = Release;
		};
/* End XCConfigurationList section */

/* Begin XCRemoteSwiftPackageReference section */
		BD25DFA028E203B100AE2A11 /* XCRemoteSwiftPackageReference "ConfettiSwiftUI" */ = {
			isa = XCRemoteSwiftPackageReference;
			repositoryURL = "https://github.com/simibac/ConfettiSwiftUI";
			requirement = {
				kind = upToNextMajorVersion;
				minimumVersion = 1.0.0;
			};
		};
/* End XCRemoteSwiftPackageReference section */

/* Begin XCSwiftPackageProductDependency section */
		BD25DFA128E203B100AE2A11 /* ConfettiSwiftUI */ = {
			isa = XCSwiftPackageProductDependency;
			package = BD25DFA028E203B100AE2A11 /* XCRemoteSwiftPackageReference "ConfettiSwiftUI" */;
			productName = ConfettiSwiftUI;
		};
/* End XCSwiftPackageProductDependency section */
	};
	rootObject = 17F3A43728ABC270002E9047 /* Project object */;
}
